
Microsoft Visual Studio Solution File, Format Version 12.00
# Visual Studio Version 17
VisualStudioVersion = 17.2.32210.308
MinimumVisualStudioVersion = 10.0.40219.1
Project("{2150E333-8FDC-42A3-9474-1A3956D46DE8}") = "SolutionItem", "SolutionItem", "{4D4223F2-AEFC-4784-BC36-D809054DA0DF}"
	ProjectSection(SolutionItems) = preProject
		.gitignore = .gitignore
		CHANGELOG.md = CHANGELOG.md
		CODE_OF_CONDUCT.md = CODE_OF_CONDUCT.md
		CONTRIBUTING.md = CONTRIBUTING.md
		License.md = License.md
		Readme.MD = Readme.MD
	EndProjectSection
EndProject
Project("{9A19103F-16F7-4668-BE54-9A1E7A4F7556}") = "AppInfo", "NavisAppInfo\AppInfo.csproj", "{C2BDCC8A-50A5-4BBC-9E4A-BC2580AECBCC}"
EndProject
Project("{9A19103F-16F7-4668-BE54-9A1E7A4F7556}") = "Installer", "Installer\Installer.csproj", "{1D975D70-515E-477B-9F0B-1D411980E2C2}"
EndProject
Project("{9A19103F-16F7-4668-BE54-9A1E7A4F7556}") = "Build", "build\Build.csproj", "{150899E8-3EA7-4DBA-A18C-666ECEACA7FA}"
EndProject
Global
	GlobalSection(SolutionConfigurationPlatforms) = preSolution
		Debug N20|Any CPU = Debug N20|Any CPU
		Debug N21|Any CPU = Debug N21|Any CPU
		Debug N22|Any CPU = Debug N22|Any CPU
		Debug N23|Any CPU = Debug N23|Any CPU
		Installer|Any CPU = Installer|Any CPU
		Release N20|Any CPU = Release N20|Any CPU
		Release N21|Any CPU = Release N21|Any CPU
		Release N22|Any CPU = Release N22|Any CPU
		Release N23|Any CPU = Release N23|Any CPU
	EndGlobalSection
	GlobalSection(ProjectConfigurationPlatforms) = postSolution
		{C2BDCC8A-50A5-4BBC-9E4A-BC2580AECBCC}.Debug N20|Any CPU.ActiveCfg = Debug N20|Any CPU
		{C2BDCC8A-50A5-4BBC-9E4A-BC2580AECBCC}.Debug N20|Any CPU.Build.0 = Debug N20|Any CPU
		{C2BDCC8A-50A5-4BBC-9E4A-BC2580AECBCC}.Debug N21|Any CPU.ActiveCfg = Debug N21|Any CPU
		{C2BDCC8A-50A5-4BBC-9E4A-BC2580AECBCC}.Debug N21|Any CPU.Build.0 = Debug N21|Any CPU
		{C2BDCC8A-50A5-4BBC-9E4A-BC2580AECBCC}.Debug N22|Any CPU.ActiveCfg = Debug N22|Any CPU
		{C2BDCC8A-50A5-4BBC-9E4A-BC2580AECBCC}.Debug N22|Any CPU.Build.0 = Debug N22|Any CPU
		{C2BDCC8A-50A5-4BBC-9E4A-BC2580AECBCC}.Debug N23|Any CPU.ActiveCfg = Debug N23|Any CPU
		{C2BDCC8A-50A5-4BBC-9E4A-BC2580AECBCC}.Debug N23|Any CPU.Build.0 = Debug N23|Any CPU
		{C2BDCC8A-50A5-4BBC-9E4A-BC2580AECBCC}.Installer|Any CPU.ActiveCfg = Release N23|Any CPU
		{C2BDCC8A-50A5-4BBC-9E4A-BC2580AECBCC}.Installer|Any CPU.Build.0 = Release N23|Any CPU
		{C2BDCC8A-50A5-4BBC-9E4A-BC2580AECBCC}.Release N20|Any CPU.ActiveCfg = Release N20|Any CPU
		{C2BDCC8A-50A5-4BBC-9E4A-BC2580AECBCC}.Release N20|Any CPU.Build.0 = Release N20|Any CPU
		{C2BDCC8A-50A5-4BBC-9E4A-BC2580AECBCC}.Release N21|Any CPU.ActiveCfg = Release N21|Any CPU
		{C2BDCC8A-50A5-4BBC-9E4A-BC2580AECBCC}.Release N21|Any CPU.Build.0 = Release N21|Any CPU
		{C2BDCC8A-50A5-4BBC-9E4A-BC2580AECBCC}.Release N22|Any CPU.ActiveCfg = Release N22|Any CPU
		{C2BDCC8A-50A5-4BBC-9E4A-BC2580AECBCC}.Release N22|Any CPU.Build.0 = Release N22|Any CPU
		{C2BDCC8A-50A5-4BBC-9E4A-BC2580AECBCC}.Release N23|Any CPU.ActiveCfg = Release N23|Any CPU
		{C2BDCC8A-50A5-4BBC-9E4A-BC2580AECBCC}.Release N23|Any CPU.Build.0 = Release N23|Any CPU
		{1D975D70-515E-477B-9F0B-1D411980E2C2}.Debug N20|Any CPU.ActiveCfg = Debug|Any CPU
		{1D975D70-515E-477B-9F0B-1D411980E2C2}.Debug N21|Any CPU.ActiveCfg = Debug|Any CPU
		{1D975D70-515E-477B-9F0B-1D411980E2C2}.Debug N22|Any CPU.ActiveCfg = Debug|Any CPU
		{1D975D70-515E-477B-9F0B-1D411980E2C2}.Debug N23|Any CPU.ActiveCfg = Debug|Any CPU
		{1D975D70-515E-477B-9F0B-1D411980E2C2}.Installer|Any CPU.ActiveCfg = Release|Any CPU
		{1D975D70-515E-477B-9F0B-1D411980E2C2}.Installer|Any CPU.Build.0 = Release|Any CPU
		{1D975D70-515E-477B-9F0B-1D411980E2C2}.Release N20|Any CPU.ActiveCfg = Debug|Any CPU
		{1D975D70-515E-477B-9F0B-1D411980E2C2}.Release N21|Any CPU.ActiveCfg = Debug|Any CPU
		{1D975D70-515E-477B-9F0B-1D411980E2C2}.Release N22|Any CPU.ActiveCfg = Debug|Any CPU
		{1D975D70-515E-477B-9F0B-1D411980E2C2}.Release N23|Any CPU.ActiveCfg = Debug|Any CPU
		{150899E8-3EA7-4DBA-A18C-666ECEACA7FA}.Debug N20|Any CPU.ActiveCfg = Release|Any CPU
		{150899E8-3EA7-4DBA-A18C-666ECEACA7FA}.Debug N21|Any CPU.ActiveCfg = Release|Any CPU
		{150899E8-3EA7-4DBA-A18C-666ECEACA7FA}.Debug N22|Any CPU.ActiveCfg = Release|Any CPU
		{150899E8-3EA7-4DBA-A18C-666ECEACA7FA}.Debug N23|Any CPU.ActiveCfg = Release|Any CPU
		{150899E8-3EA7-4DBA-A18C-666ECEACA7FA}.Installer|Any CPU.ActiveCfg = Release|Any CPU
		{150899E8-3EA7-4DBA-A18C-666ECEACA7FA}.Installer|Any CPU.Build.0 = Release|Any CPU
		{150899E8-3EA7-4DBA-A18C-666ECEACA7FA}.Release N20|Any CPU.ActiveCfg = Release|Any CPU
		{150899E8-3EA7-4DBA-A18C-666ECEACA7FA}.Release N21|Any CPU.ActiveCfg = Release|Any CPU
		{150899E8-3EA7-4DBA-A18C-666ECEACA7FA}.Release N22|Any CPU.ActiveCfg = Release|Any CPU
		{150899E8-3EA7-4DBA-A18C-666ECEACA7FA}.Release N23|Any CPU.ActiveCfg = Release|Any CPU
	EndGlobalSection
	GlobalSection(SolutionProperties) = preSolution
		HideSolutionNode = FALSE
	EndGlobalSection
	GlobalSection(ExtensibilityGlobals) = postSolution
		SolutionGuid = {2E8058CF-0324-4739-9A91-17E9FED570F2}
	EndGlobalSection
EndGlobal
